# THIS IS AN AUTOGENERATED FILE. DO NOT EDIT THIS FILE DIRECTLY.
# yarn lockfile v1


form-gen-render@^1.0.0:
  version "1.0.4"
  resolved "https://registry.npmjs.org/form-gen-render/-/form-gen-render-1.0.4.tgz#b5ca7b6800ca6e0a3ff65623dae90030c9fbf43a"
  integrity sha512-k/cSx8ZNIjahBA0r1Rwu7zeu3auKFMQR6RaD7A/DRRyv/1BDme7jjZ8B80Y1wnTNMYQPB9DOK6mrDADHtFlCGg==
